
Microsoft Visual Studio Solution File, Format Version 12.00
# Visual Studio Version 16
VisualStudioVersion = 16.0.810.11
MinimumVisualStudioVersion = 10.0.40219.1
Project("{FAE04EC0-301F-11D3-BF4B-00C04F79EFBC}") = "assignment-1", "assignment-1\assignment-1.csproj", "{AF640324-1A0C-46E7-AC0D-CC87E821FCBE}"
EndProject
Global
	GlobalSection(SolutionConfigurationPlatforms) = preSolution
		Debug|Any CPU = Debug|Any CPU
		Release|Any CPU = Release|Any CPU
	EndGlobalSection
	GlobalSection(ProjectConfigurationPlatforms) = postSolution
		{AF640324-1A0C-46E7-AC0D-CC87E821FCBE}.Debug|Any CPU.ActiveCfg = Debug|Any CPU
		{AF640324-1A0C-46E7-AC0D-CC87E821FCBE}.Debug|Any CPU.Build.0 = Debug|Any CPU
		{AF640324-1A0C-46E7-AC0D-CC87E821FCBE}.Release|Any CPU.ActiveCfg = Release|Any CPU
		{AF640324-1A0C-46E7-AC0D-CC87E821FCBE}.Release|Any CPU.Build.0 = Release|Any CPU
	EndGlobalSection
	GlobalSection(SolutionProperties) = preSolution
		HideSolutionNode = FALSE
	EndGlobalSection
	GlobalSection(ExtensibilityGlobals) = postSolution
		SolutionGuid = {4791F207-4F43-44E1-B6C1-3B208580AE31}
	EndGlobalSection
EndGlobal
