
Microsoft Visual Studio Solution File, Format Version 12.00
# Visual Studio Version 16
VisualStudioVersion = 16.0.810.11
MinimumVisualStudioVersion = 10.0.40219.1
Project("{FAE04EC0-301F-11D3-BF4B-00C04F79EFBC}") = "assignment-2", "assignment-2\assignment-2.csproj", "{F621CB3C-B4DF-4EDC-A0BE-1DC04464FD0D}"
EndProject
Global
	GlobalSection(SolutionConfigurationPlatforms) = preSolution
		Debug|Any CPU = Debug|Any CPU
		Release|Any CPU = Release|Any CPU
	EndGlobalSection
	GlobalSection(ProjectConfigurationPlatforms) = postSolution
		{F621CB3C-B4DF-4EDC-A0BE-1DC04464FD0D}.Debug|Any CPU.ActiveCfg = Debug|Any CPU
		{F621CB3C-B4DF-4EDC-A0BE-1DC04464FD0D}.Debug|Any CPU.Build.0 = Debug|Any CPU
		{F621CB3C-B4DF-4EDC-A0BE-1DC04464FD0D}.Release|Any CPU.ActiveCfg = Release|Any CPU
		{F621CB3C-B4DF-4EDC-A0BE-1DC04464FD0D}.Release|Any CPU.Build.0 = Release|Any CPU
	EndGlobalSection
	GlobalSection(SolutionProperties) = preSolution
		HideSolutionNode = FALSE
	EndGlobalSection
	GlobalSection(ExtensibilityGlobals) = postSolution
		SolutionGuid = {BCBFFE6B-7E86-4890-B5FB-BE7E8B1B2893}
	EndGlobalSection
EndGlobal
